
Microsoft Visual Studio Solution File, Format Version 12.00
# Visual Studio 15
VisualStudioVersion = 15.0.27004.2005
MinimumVisualStudioVersion = 10.0.40219.1
Project("{FAE04EC0-301F-11D3-BF4B-00C04F79EFBC}") = "TestApp", "TestApp\TestApp.csproj", "{7C201193-7E10-4585-BF50-EEF0B9EF3229}"
EndProject
Global
	GlobalSection(SolutionConfigurationPlatforms) = preSolution
		Debug|Any CPU = Debug|Any CPU
		Release|Any CPU = Release|Any CPU
	EndGlobalSection
	GlobalSection(ProjectConfigurationPlatforms) = postSolution
		{7C201193-7E10-4585-BF50-EEF0B9EF3229}.Debug|Any CPU.ActiveCfg = Debug|Any CPU
		{7C201193-7E10-4585-BF50-EEF0B9EF3229}.Debug|Any CPU.Build.0 = Debug|Any CPU
		{7C201193-7E10-4585-BF50-EEF0B9EF3229}.Release|Any CPU.ActiveCfg = Release|Any CPU
		{7C201193-7E10-4585-BF50-EEF0B9EF3229}.Release|Any CPU.Build.0 = Release|Any CPU
	EndGlobalSection
	GlobalSection(SolutionProperties) = preSolution
		HideSolutionNode = FALSE
	EndGlobalSection
	GlobalSection(ExtensibilityGlobals) = postSolution
		SolutionGuid = {3DFF19E5-2931-40E7-B55B-4F5D8C7EE795}
	EndGlobalSection
EndGlobal
